<?xml version="1.0" encoding="utf-8"?>
<Project ToolsVersion="4.0" xmlns="http://schemas.microsoft.com/developer/msbuild/2003">
  <ItemGroup>
    <Filter Include="リソース ファイル">
      <UniqueIdentifier>{67DA6AB6-F800-4c08-8B7A-83BB121AAD01}</UniqueIdentifier>
      <Extensions>rc;ico;cur;bmp;dlg;rc2;rct;bin;rgs;gif;jpg;jpeg;jpe;resx;tiff;tif;png;wav;mfcribbon-ms</Extensions>
    </Filter>
    <Filter Include="GameEngine">
      <UniqueIdentifier>{0480b6fc-5e57-4102-a927-c2589e4861b2}</UniqueIdentifier>
    </Filter>
    <Filter Include="GameEngine\Data">
      <UniqueIdentifier>{9e314f5e-bdb8-4d06-aa76-3fb801c7d03e}</UniqueIdentifier>
    </Filter>
    <Filter Include="GameEngine\Debug">
      <UniqueIdentifier>{9475e4e7-f0dd-4df6-8193-b8f5d4a2f903}</UniqueIdentifier>
    </Filter>
    <Filter Include="GameEngine\Direct3D12">
      <UniqueIdentifier>{4cd64860-14ba-4e47-b3e5-15cd293a6246}</UniqueIdentifier>
    </Filter>
    <Filter Include="GameEngine\LoadFile">
      <UniqueIdentifier>{32a2c5da-8f49-499d-8204-bbd731023d4e}</UniqueIdentifier>
    </Filter>
    <Filter Include="GameEngine\Resource">
      <UniqueIdentifier>{a15f9737-d932-4954-b9ba-1cf3fac01214}</UniqueIdentifier>
    </Filter>
    <Filter Include="GameEngine\Math">
      <UniqueIdentifier>{cae11d21-f42d-4462-a36d-6f9b0f933d4a}</UniqueIdentifier>
    </Filter>
    <Filter Include="GameEngine\Shader">
      <UniqueIdentifier>{9c37cdff-4c36-4bb7-ace9-13b3c7cdb5e6}</UniqueIdentifier>
    </Filter>
    <Filter Include="GameEngine\Window">
      <UniqueIdentifier>{13d67548-3f79-49ab-a373-aa1f10b2a2ff}</UniqueIdentifier>
    </Filter>
    <Filter Include="GameEngine\Math\Operation">
      <UniqueIdentifier>{a2c3f59f-5c30-442b-a796-947122bee967}</UniqueIdentifier>
    </Filter>
    <Filter Include="imgui">
      <UniqueIdentifier>{338148ca-9d44-40c9-9106-a7f27feaf903}</UniqueIdentifier>
    </Filter>
    <Filter Include="ヘッダーファイル">
      <UniqueIdentifier>{c615723d-ffde-41aa-979c-c9ed43ac7d1e}</UniqueIdentifier>
    </Filter>
    <Filter Include="ソースファイル">
      <UniqueIdentifier>{8a836276-aa58-460c-bb9a-0e55c629ced2}</UniqueIdentifier>
    </Filter>
    <Filter Include="Sample">
      <UniqueIdentifier>{ef64ba62-2663-42df-9cff-1d7ac32f22e3}</UniqueIdentifier>
    </Filter>
  </ItemGroup>
  <ItemGroup>
    <None Include=".editorconfig" />
    <None Include="GameEngine\Shader\Object3d.hlsli">
      <Filter>GameEngine\Shader</Filter>
    </None>
  </ItemGroup>
  <ItemGroup>
    <ClCompile Include="main.cpp" />
    <ClCompile Include="externals\imgui\imgui.cpp">
      <Filter>imgui</Filter>
    </ClCompile>
    <ClCompile Include="externals\imgui\imgui_demo.cpp">
      <Filter>imgui</Filter>
    </ClCompile>
    <ClCompile Include="externals\imgui\imgui_draw.cpp">
      <Filter>imgui</Filter>
    </ClCompile>
    <ClCompile Include="externals\imgui\imgui_impl_dx12.cpp">
      <Filter>imgui</Filter>
    </ClCompile>
    <ClCompile Include="externals\imgui\imgui_impl_win32.cpp">
      <Filter>imgui</Filter>
    </ClCompile>
    <ClCompile Include="externals\imgui\imgui_tables.cpp">
      <Filter>imgui</Filter>
    </ClCompile>
    <ClCompile Include="externals\imgui\imgui_widgets.cpp">
      <Filter>imgui</Filter>
    </ClCompile>
    <ClCompile Include="GameEngine\Debug\DebugCamera.cpp">
      <Filter>GameEngine\Debug</Filter>
    </ClCompile>
    <ClCompile Include="GameEngine\Debug\ExportDump.cpp">
      <Filter>GameEngine\Debug</Filter>
    </ClCompile>
    <ClCompile Include="GameEngine\Debug\Log.cpp">
      <Filter>GameEngine\Debug</Filter>
    </ClCompile>
    <ClCompile Include="GameEngine\Direct3D12\ConvertString.cpp">
      <Filter>GameEngine\Direct3D12</Filter>
    </ClCompile>
    <ClCompile Include="GameEngine\Direct3D12\CreateBufferResource.cpp">
      <Filter>GameEngine\Direct3D12</Filter>
    </ClCompile>
    <ClCompile Include="GameEngine\Direct3D12\CreateDepthStencilTextureResource.cpp">
      <Filter>GameEngine\Direct3D12</Filter>
    </ClCompile>
    <ClCompile Include="GameEngine\Direct3D12\CreateDescriptorHeap.cpp">
      <Filter>GameEngine\Direct3D12</Filter>
    </ClCompile>
    <ClCompile Include="GameEngine\Direct3D12\CreateTextureResource.cpp">
      <Filter>GameEngine\Direct3D12</Filter>
    </ClCompile>
    <ClCompile Include="GameEngine\Direct3D12\GetDescriptorHandle.cpp">
      <Filter>GameEngine\Direct3D12</Filter>
    </ClCompile>
    <ClCompile Include="GameEngine\Direct3D12\Initialvalue.cpp">
      <Filter>GameEngine\Direct3D12</Filter>
    </ClCompile>
    <ClCompile Include="GameEngine\Direct3D12\UploadTextreData.cpp">
      <Filter>GameEngine\Direct3D12</Filter>
    </ClCompile>
    <ClCompile Include="GameEngine\LoadFile\LoadMaterialTemplateFile.cpp">
      <Filter>GameEngine\LoadFile</Filter>
    </ClCompile>
    <ClCompile Include="GameEngine\LoadFile\LoadObjFile.cpp">
      <Filter>GameEngine\LoadFile</Filter>
    </ClCompile>
    <ClCompile Include="GameEngine\LoadFile\LoadTexture.cpp">
      <Filter>GameEngine\LoadFile</Filter>
    </ClCompile>
    <ClCompile Include="GameEngine\Math\Matrix4x4_operation.cpp">
      <Filter>GameEngine\Math\Operation</Filter>
    </ClCompile>
    <ClCompile Include="GameEngine\Math\Vector3_operation.cpp">
      <Filter>GameEngine\Math\Operation</Filter>
    </ClCompile>
    <ClCompile Include="GameEngine\Resource\Audio.cpp">
      <Filter>GameEngine\Resource</Filter>
    </ClCompile>
    <ClCompile Include="GameEngine\Resource\Light.cpp">
      <Filter>GameEngine\Resource</Filter>
    </ClCompile>
    <ClCompile Include="GameEngine\Resource\Object_2D.cpp">
      <Filter>GameEngine\Resource</Filter>
    </ClCompile>
    <ClCompile Include="GameEngine\Resource\Object_3D.cpp">
      <Filter>GameEngine\Resource</Filter>
    </ClCompile>
    <ClCompile Include="GameEngine\Resource\Texture.cpp">
      <Filter>GameEngine\Resource</Filter>
    </ClCompile>
    <ClCompile Include="GameEngine\Shader\CompileShader.cpp">
      <Filter>GameEngine\Shader</Filter>
    </ClCompile>
    <ClCompile Include="GameEngine\Window\Window.cpp">
      <Filter>GameEngine\Window</Filter>
    </ClCompile>
    <ClCompile Include="GameEngine\Resource\Text.cpp">
      <Filter>GameEngine\Resource</Filter>
    </ClCompile>
    <ClCompile Include="GameEngine\LoadFile\LoadText.cpp">
      <Filter>GameEngine\LoadFile</Filter>
    </ClCompile>
    <ClCompile Include="SampleScene.cpp">
      <Filter>Sample</Filter>
    </ClCompile>
    <ClCompile Include="GameEngine\GameEngine.cpp">
      <Filter>GameEngine</Filter>
    </ClCompile>
    <ClCompile Include="GameEngine\Resource\Camera.cpp">
      <Filter>GameEngine\Resource</Filter>
    </ClCompile>
  </ItemGroup>
  <ItemGroup>
    <ClInclude Include="externals\imgui\imconfig.h">
      <Filter>imgui</Filter>
    </ClInclude>
    <ClInclude Include="externals\imgui\imgui.h">
      <Filter>imgui</Filter>
    </ClInclude>
    <ClInclude Include="externals\imgui\imgui_impl_dx12.h">
      <Filter>imgui</Filter>
    </ClInclude>
    <ClInclude Include="externals\imgui\imgui_impl_win32.h">
      <Filter>imgui</Filter>
    </ClInclude>
    <ClInclude Include="externals\imgui\imgui_internal.h">
      <Filter>imgui</Filter>
    </ClInclude>
    <ClInclude Include="externals\imgui\imstb_rectpack.h">
      <Filter>imgui</Filter>
    </ClInclude>
    <ClInclude Include="externals\imgui\imstb_textedit.h">
      <Filter>imgui</Filter>
    </ClInclude>
    <ClInclude Include="externals\imgui\imstb_truetype.h">
      <Filter>imgui</Filter>
    </ClInclude>
    <ClInclude Include="GameEngine\Data\ChunkHeader.h">
      <Filter>GameEngine\Data</Filter>
    </ClInclude>
    <ClInclude Include="GameEngine\Data\DirectionalLight.h">
      <Filter>GameEngine\Data</Filter>
    </ClInclude>
    <ClInclude Include="GameEngine\Data\FormatChunk.h">
      <Filter>GameEngine\Data</Filter>
    </ClInclude>
    <ClInclude Include="GameEngine\Data\Input.h">
      <Filter>GameEngine\Data</Filter>
    </ClInclude>
    <ClInclude Include="GameEngine\Data\Material.h">
      <Filter>GameEngine\Data</Filter>
    </ClInclude>
    <ClInclude Include="GameEngine\Data\MaterialData.h">
      <Filter>GameEngine\Data</Filter>
    </ClInclude>
    <ClInclude Include="GameEngine\Data\ModelData.h">
      <Filter>GameEngine\Data</Filter>
    </ClInclude>
    <ClInclude Include="GameEngine\Data\Object_3D_Data.h">
      <Filter>GameEngine\Data</Filter>
    </ClInclude>
    <ClInclude Include="GameEngine\Data\RiffHeader.h">
      <Filter>GameEngine\Data</Filter>
    </ClInclude>
    <ClInclude Include="GameEngine\Data\SoundData.h">
      <Filter>GameEngine\Data</Filter>
    </ClInclude>
    <ClInclude Include="GameEngine\Data\SRT.h">
      <Filter>GameEngine\Data</Filter>
    </ClInclude>
    <ClInclude Include="GameEngine\Data\TransformationMatrix.h">
      <Filter>GameEngine\Data</Filter>
    </ClInclude>
    <ClInclude Include="GameEngine\Data\VertexData.h">
      <Filter>GameEngine\Data</Filter>
    </ClInclude>
    <ClInclude Include="GameEngine\Debug\D3DResourceLeakChecker.h">
      <Filter>GameEngine\Debug</Filter>
    </ClInclude>
    <ClInclude Include="GameEngine\Debug\DebugCamera.h">
      <Filter>GameEngine\Debug</Filter>
    </ClInclude>
    <ClInclude Include="GameEngine\Debug\ExportDump.h">
      <Filter>GameEngine\Debug</Filter>
    </ClInclude>
    <ClInclude Include="GameEngine\Debug\Log.h">
      <Filter>GameEngine\Debug</Filter>
    </ClInclude>
    <ClInclude Include="GameEngine\Direct3D12\ConvertString.h">
      <Filter>GameEngine\Direct3D12</Filter>
    </ClInclude>
    <ClInclude Include="GameEngine\Direct3D12\CreateBufferResource.h">
      <Filter>GameEngine\Direct3D12</Filter>
    </ClInclude>
    <ClInclude Include="GameEngine\Direct3D12\CreateDepthStencilTextureResource.h">
      <Filter>GameEngine\Direct3D12</Filter>
    </ClInclude>
    <ClInclude Include="GameEngine\Direct3D12\CreateDescriptorHeap.h">
      <Filter>GameEngine\Direct3D12</Filter>
    </ClInclude>
    <ClInclude Include="GameEngine\Direct3D12\CreateTextureResource.h">
      <Filter>GameEngine\Direct3D12</Filter>
    </ClInclude>
    <ClInclude Include="GameEngine\Direct3D12\GetDescriptorHandle.h">
      <Filter>GameEngine\Direct3D12</Filter>
    </ClInclude>
    <ClInclude Include="GameEngine\Direct3D12\Initialvalue.h">
      <Filter>GameEngine\Direct3D12</Filter>
    </ClInclude>
    <ClInclude Include="GameEngine\Direct3D12\UploadTextureData.h">
      <Filter>GameEngine\Direct3D12</Filter>
    </ClInclude>
    <ClInclude Include="GameEngine\LoadFile\LoadMaterialTemplateFile.h">
      <Filter>GameEngine\LoadFile</Filter>
    </ClInclude>
    <ClInclude Include="GameEngine\LoadFile\LoadObjFile.h">
      <Filter>GameEngine\LoadFile</Filter>
    </ClInclude>
    <ClInclude Include="GameEngine\LoadFile\LoadTexture.h">
      <Filter>GameEngine\LoadFile</Filter>
    </ClInclude>
    <ClInclude Include="GameEngine\Math\Matrix4x4_operation.h">
      <Filter>GameEngine\Math\Operation</Filter>
    </ClInclude>
    <ClInclude Include="GameEngine\Math\Vector3_operation.h">
      <Filter>GameEngine\Math\Operation</Filter>
    </ClInclude>
    <ClInclude Include="GameEngine\Math\Matrix3x3.h">
      <Filter>GameEngine\Math</Filter>
    </ClInclude>
    <ClInclude Include="GameEngine\Math\Matrix4x4.h">
      <Filter>GameEngine\Math</Filter>
    </ClInclude>
    <ClInclude Include="GameEngine\Math\Vector2.h">
      <Filter>GameEngine\Math</Filter>
    </ClInclude>
    <ClInclude Include="GameEngine\Math\Vector3.h">
      <Filter>GameEngine\Math</Filter>
    </ClInclude>
    <ClInclude Include="GameEngine\Math\Vector4.h">
      <Filter>GameEngine\Math</Filter>
    </ClInclude>
    <ClInclude Include="GameEngine\Resource\Audio.h">
      <Filter>GameEngine\Resource</Filter>
    </ClInclude>
    <ClInclude Include="GameEngine\Resource\Light.h">
      <Filter>GameEngine\Resource</Filter>
    </ClInclude>
    <ClInclude Include="GameEngine\Resource\Object_2D.h">
      <Filter>GameEngine\Resource</Filter>
    </ClInclude>
    <ClInclude Include="GameEngine\Resource\Object_3D.h">
      <Filter>GameEngine\Resource</Filter>
    </ClInclude>
    <ClInclude Include="GameEngine\Resource\Texture.h">
      <Filter>GameEngine\Resource</Filter>
    </ClInclude>
    <ClInclude Include="GameEngine\Shader\CompileShader.h">
      <Filter>GameEngine\Shader</Filter>
    </ClInclude>
    <ClInclude Include="GameEngine\Window\Window.h">
      <Filter>GameEngine\Window</Filter>
    </ClInclude>
    <ClInclude Include="GameEngine\GameEngine.h">
      <Filter>GameEngine</Filter>
    </ClInclude>
    <ClInclude Include="GameEngine\Resource\Text.h">
      <Filter>GameEngine\Resource</Filter>
    </ClInclude>
    <ClInclude Include="GameEngine\LoadFile\LoadText.h">
      <Filter>GameEngine\LoadFile</Filter>
    </ClInclude>
    <ClInclude Include="SampleScene.h">
      <Filter>Sample</Filter>
    </ClInclude>
    <ClInclude Include="GameEngine\Data\Object_2D_Data.h">
      <Filter>GameEngine\Data</Filter>
    </ClInclude>
    <ClInclude Include="GameEngine\Resource\Camera.h">
      <Filter>GameEngine\Resource</Filter>
    </ClInclude>
  </ItemGroup>
  <ItemGroup>
    <Text Include="externals\imgui\LICENSE.txt">
      <Filter>imgui</Filter>
    </Text>
  </ItemGroup>
  <ItemGroup>
    <FxCompile Include="GameEngine\Shader\Object3d.PS.hlsl">
      <Filter>GameEngine\Shader</Filter>
    </FxCompile>
    <FxCompile Include="GameEngine\Shader\Object3d.VS.hlsl">
      <Filter>GameEngine\Shader</Filter>
    </FxCompile>
  </ItemGroup>
</Project>