<?xml version="1.0" encoding="utf-8"?>
<Project ToolsVersion="4.0" xmlns="http://schemas.microsoft.com/developer/msbuild/2003">
  <ItemGroup>
    <FxCompile Include="resources\Shader\InstanceObject3d.VS.hlsl">
      <Filter>GameEngine\Shader</Filter>
    </FxCompile>
    <FxCompile Include="resources\Shader\Object3d.PS.hlsl">
      <Filter>GameEngine\Shader</Filter>
    </FxCompile>
    <FxCompile Include="resources\Shader\Object3d.VS.hlsl">
      <Filter>GameEngine\Shader</Filter>
    </FxCompile>
    <FxCompile Include="resources\Shader\Particle.PS.hlsl">
      <Filter>GameEngine\Shader</Filter>
    </FxCompile>
    <FxCompile Include="resources\Shader\Particle.VS.hlsl">
      <Filter>GameEngine\Shader</Filter>
    </FxCompile>
    <FxCompile Include="resources\Shader\Fog.PS.hlsl">
      <Filter>GameEngine\Shader</Filter>
    </FxCompile>
    <FxCompile Include="resources\Shader\Object2d.VS.hlsl">
      <Filter>GameEngine\Shader</Filter>
    </FxCompile>
    <FxCompile Include="resources\Shader\Object2d.PS.hlsl">
      <Filter>GameEngine\Shader</Filter>
    </FxCompile>
    <FxCompile Include="resources\Shader\Sprite2d.VS.hlsl">
      <Filter>GameEngine\Shader</Filter>
    </FxCompile>
    <FxCompile Include="resources\Shader\Sprite2d.PS.hlsl">
      <Filter>GameEngine\Shader</Filter>
    </FxCompile>
    <FxCompile Include="resources\Shader\InstanceObject3d.PS.hlsl">
      <Filter>GameEngine\Shader</Filter>
    </FxCompile>
    <FxCompile Include="resources\Shader\InstanceLine.PS.hlsl">
      <Filter>GameEngine\Shader</Filter>
    </FxCompile>
  </ItemGroup>
  <ItemGroup>
    <ClCompile Include="main.cpp" />
    <ClCompile Include="Application\BackGround\Ground\Ground.cpp">
      <Filter>Application\BackGround\Ground</Filter>
    </ClCompile>
    <ClCompile Include="Application\BackGround\Skydome\Skydome.cpp">
      <Filter>Application\BackGround\Skydome</Filter>
    </ClCompile>
    <ClCompile Include="Application\Bullet\BaseBullet.cpp">
      <Filter>Application\Bullet</Filter>
    </ClCompile>
    <ClCompile Include="Application\Bullet\PlayerBullet\PlayerBullet.cpp">
      <Filter>Application\Bullet\PlayerBullet</Filter>
    </ClCompile>
    <ClCompile Include="Application\Character\BaseCharacter.cpp">
      <Filter>Application\Character</Filter>
    </ClCompile>
    <ClCompile Include="Application\Character\Boss\Boss.cpp">
      <Filter>Application\Character\Boss</Filter>
    </ClCompile>
    <ClCompile Include="Application\Character\Player\Player.cpp">
      <Filter>Application\Character\Player</Filter>
    </ClCompile>
    <ClCompile Include="Application\GameCamera\GameCamera.cpp">
      <Filter>Application\GameCamera</Filter>
    </ClCompile>
    <ClCompile Include="Application\ModelHolder\ModelHolder.cpp">
      <Filter>Application\ModelHolder</Filter>
    </ClCompile>
    <ClCompile Include="Application\SampleScene\SampleScene.cpp">
      <Filter>Application\SampleScene</Filter>
    </ClCompile>
    <ClCompile Include="GameEngine\GameEngine.cpp">
      <Filter>GameEngine</Filter>
    </ClCompile>
    <ClCompile Include="GameEngine\Math\Collision.cpp">
      <Filter>GameEngine\Math\Collision</Filter>
    </ClCompile>
    <ClCompile Include="GameEngine\Debug\D3DResourceLeakChecker.cpp">
      <Filter>GameEngine\Debug\ResourceLeakChecker</Filter>
    </ClCompile>
    <ClCompile Include="GameEngine\Debug\Log.cpp">
      <Filter>GameEngine\Debug\Log</Filter>
    </ClCompile>
    <ClCompile Include="GameEngine\Debug\ExportDump.cpp">
      <Filter>GameEngine\Debug\Dump</Filter>
    </ClCompile>
    <ClCompile Include="GameEngine\Debug\DebugCamera.cpp">
      <Filter>GameEngine\Debug\DebugCamera</Filter>
    </ClCompile>
    <ClCompile Include="GameEngine\LoadFile\LoadMaterialTemplateFile.cpp">
      <Filter>GameEngine\LoadFile\Material</Filter>
    </ClCompile>
    <ClCompile Include="GameEngine\LoadFile\LoadObjFile.cpp">
      <Filter>GameEngine\LoadFile\Object</Filter>
    </ClCompile>
    <ClCompile Include="GameEngine\Modules\ConvertString\ConvertString.cpp">
      <Filter>GameEngine\Modules\ConvertString</Filter>
    </ClCompile>
    <ClCompile Include="GameEngine\Modules\DirectXCommon\DirectXCommon.cpp">
      <Filter>GameEngine\Modules\DirectXCommon</Filter>
    </ClCompile>
    <ClCompile Include="GameEngine\Modules\Initialvalue\Initialvalue.cpp">
      <Filter>GameEngine\Modules\Initialvalue</Filter>
    </ClCompile>
    <ClCompile Include="GameEngine\Modules\Input\Input.cpp">
      <Filter>GameEngine\Modules\Input</Filter>
    </ClCompile>
    <ClCompile Include="GameEngine\Modules\ModelManager\ModelManager.cpp">
      <Filter>GameEngine\Modules\ModelManager</Filter>
    </ClCompile>
    <ClCompile Include="GameEngine\Modules\ParticleManager\ParticleManager.cpp">
      <Filter>GameEngine\Modules\ParticleManager</Filter>
    </ClCompile>
    <ClCompile Include="GameEngine\Modules\SpriteManager\SpriteManager.cpp">
      <Filter>GameEngine\Modules\SpriteManager</Filter>
    </ClCompile>
    <ClCompile Include="GameEngine\Modules\SRVManager\SRVManager.cpp">
      <Filter>GameEngine\Modules\SRVManager</Filter>
    </ClCompile>
    <ClCompile Include="GameEngine\Modules\TextureManager\TextureManager.cpp">
      <Filter>GameEngine\Modules\TextureManager</Filter>
    </ClCompile>
    <ClCompile Include="GameEngine\Modules\WindowsAPI\WindowsAPI.cpp">
      <Filter>GameEngine\Modules\WindowsAPI</Filter>
    </ClCompile>
    <ClCompile Include="GameEngine\Resource\Model\Model.cpp">
      <Filter>GameEngine\Resource\Model</Filter>
    </ClCompile>
    <ClCompile Include="GameEngine\Resource\Object\Object.cpp">
      <Filter>GameEngine\Resource\Object</Filter>
    </ClCompile>
    <ClCompile Include="GameEngine\Resource\ParticleEmitter\ParticleEmitter.cpp">
      <Filter>GameEngine\Resource\ParticleEmitter</Filter>
    </ClCompile>
    <ClCompile Include="GameEngine\Resource\Sprite\Sprite.cpp">
      <Filter>GameEngine\Resource\Sprite</Filter>
    </ClCompile>
    <ClCompile Include="Application\Scene\GameScene\GameScene.cpp">
      <Filter>Application\Scene\GameScene</Filter>
    </ClCompile>
    <ClCompile Include="Application\Scene\TitleScene\TitleScene.cpp">
      <Filter>Application\Scene\TitleScene</Filter>
    </ClCompile>
    <ClCompile Include="Application\Character\Item\Item.cpp">
      <Filter>Application\Character\Item</Filter>
    </ClCompile>
    <ClCompile Include="GameEngine\Modules\AudioManager\AudioManager.cpp">
      <Filter>GameEngine\Modules\AudioManager</Filter>
    </ClCompile>
    <ClCompile Include="GameEngine\LoadFile\LoadGLTFFile.cpp">
      <Filter>GameEngine\LoadFile\GLTF</Filter>
    </ClCompile>
    <ClCompile Include="GameEngine\Debug\ImGuiManager\ImGuiManager.cpp">
      <Filter>GameEngine\Debug\ImGuiManager</Filter>
    </ClCompile>
    <ClCompile Include="GameEngine\Editor\ParticleEditor\ParticleEditor.cpp">
      <Filter>GameEngine\Editor</Filter>
    </ClCompile>
    <ClCompile Include="GameEngine\Math\Operation\Operation.cpp">
      <Filter>GameEngine\Math\Operation</Filter>
    </ClCompile>
    <ClCompile Include="GameEngine\Modules\PrimitiveManager\PrimitiveManager.cpp">
      <Filter>GameEngine\Modules\PrimitiveManager</Filter>
    </ClCompile>
    <ClCompile Include="Application\BackGround\Fence\Fence.cpp">
      <Filter>Application\BackGround\Fence</Filter>
    </ClCompile>
    <ClCompile Include="Application\Bullet\BossBullet\BossBullet.cpp">
      <Filter>Application\Bullet\BossBullet</Filter>
    </ClCompile>
    <ClCompile Include="GameEngine\Modules\SceneManager\SceneManager.cpp">
      <Filter>GameEngine\Modules\SceneManager</Filter>
    </ClCompile>
    <ClCompile Include="GameEngine\Resource\Camera\Camera.cpp">
      <Filter>GameEngine\Resource\Camera</Filter>
    </ClCompile>
    <ClCompile Include="GameEngine\Resource\Audio\Audio.cpp">
      <Filter>GameEngine\Resource\Audio</Filter>
    </ClCompile>
    <ClCompile Include="GameEngine\Resource\DirectionalLight\DirectionalLight.cpp">
      <Filter>GameEngine\Resource\DirectiolalLight</Filter>
    </ClCompile>
    <ClCompile Include="GameEngine\Resource\PointLight\PointLight.cpp">
      <Filter>GameEngine\Resource\PointLight</Filter>
    </ClCompile>
    <ClCompile Include="GameEngine\Resource\SpotLight\SpotLight.cpp">
      <Filter>GameEngine\Resource\SpotLight</Filter>
    </ClCompile>
    <ClCompile Include="GameEngine\Resource\BaseScene\BaseScene.cpp">
      <Filter>GameEngine\Resource\BaseScene</Filter>
    </ClCompile>
    <ClCompile Include="Application\GameManager\SceneFactory\SceneFactory.cpp">
      <Filter>Application\GameManager\SceneFactory</Filter>
    </ClCompile>
    <ClCompile Include="Application\GameManager\GameManager.cpp">
      <Filter>Application\GameManager</Filter>
    </ClCompile>
    <ClCompile Include="Application\BackGround\BackGround\BackGround.cpp">
      <Filter>Application\BackGround\BackGround</Filter>
    </ClCompile>
    <ClCompile Include="Application\BackGround\Tumbleweed\Tumbleweed.cpp">
      <Filter>Application\BackGround\Tumbleweed</Filter>
    </ClCompile>
    <ClCompile Include="Application\AudioHolder\AudioHolder.cpp">
      <Filter>Application\AudioHolder</Filter>
    </ClCompile>
    <ClCompile Include="Application\Scene\GameOverScene\GameOverScene.cpp">
      <Filter>Application\Scene\GameOverScene</Filter>
    </ClCompile>
    <ClCompile Include="Application\Scene\ClearScene\ClearScene.cpp">
      <Filter>Application\Scene\ClearScene</Filter>
    </ClCompile>
    <ClCompile Include="GameEngine\Math\LerpKeyFrame\LerpKeyFrame.cpp">
      <Filter>GameEngine\Math\LerpKeyFrame</Filter>
    </ClCompile>
    <ClCompile Include="GameEngine\Modules\Animation\Animation.cpp">
      <Filter>GameEngine\Modules\Animation</Filter>
    </ClCompile>
  </ItemGroup>
  <ItemGroup>
    <ClInclude Include="Application\BackGround\Ground\Ground.h">
      <Filter>Application\BackGround\Ground</Filter>
    </ClInclude>
    <ClInclude Include="Application\BackGround\Skydome\Skydome.h">
      <Filter>Application\BackGround\Skydome</Filter>
    </ClInclude>
    <ClInclude Include="Application\Bullet\BaseBullet.h">
      <Filter>Application\Bullet</Filter>
    </ClInclude>
    <ClInclude Include="Application\Bullet\PlayerBullet\PlayerBullet.h">
      <Filter>Application\Bullet\PlayerBullet</Filter>
    </ClInclude>
    <ClInclude Include="Application\Character\BaseCharacter.h">
      <Filter>Application\Character</Filter>
    </ClInclude>
    <ClInclude Include="Application\Character\Boss\Boss.h">
      <Filter>Application\Character\Boss</Filter>
    </ClInclude>
    <ClInclude Include="Application\Character\Player\Player.h">
      <Filter>Application\Character\Player</Filter>
    </ClInclude>
    <ClInclude Include="Application\GameCamera\GameCamera.h">
      <Filter>Application\GameCamera</Filter>
    </ClInclude>
    <ClInclude Include="Application\ModelHolder\ModelHolder.h">
      <Filter>Application\ModelHolder</Filter>
    </ClInclude>
    <ClInclude Include="Application\SampleScene\SampleScene.h">
      <Filter>Application\SampleScene</Filter>
    </ClInclude>
    <ClInclude Include="GameEngine\GameEngine.h">
      <Filter>GameEngine</Filter>
    </ClInclude>
    <ClInclude Include="GameEngine\Math\Shape\AABB.h">
      <Filter>GameEngine\Math\Shape</Filter>
    </ClInclude>
    <ClInclude Include="GameEngine\Math\Shape\Line.h">
      <Filter>GameEngine\Math\Shape</Filter>
    </ClInclude>
    <ClInclude Include="GameEngine\Math\Shape\OBB.h">
      <Filter>GameEngine\Math\Shape</Filter>
    </ClInclude>
    <ClInclude Include="GameEngine\Math\Shape\Plane.h">
      <Filter>GameEngine\Math\Shape</Filter>
    </ClInclude>
    <ClInclude Include="GameEngine\Math\Shape\Sphere.h">
      <Filter>GameEngine\Math\Shape</Filter>
    </ClInclude>
    <ClInclude Include="GameEngine\Math\Shape\Triangle.h">
      <Filter>GameEngine\Math\Shape</Filter>
    </ClInclude>
    <ClInclude Include="GameEngine\Math\Collision.h">
      <Filter>GameEngine\Math\Collision</Filter>
    </ClInclude>
    <ClInclude Include="GameEngine\Math\Lerp.h">
      <Filter>GameEngine\Math\Lerp</Filter>
    </ClInclude>
    <ClInclude Include="GameEngine\Math\Matrix3x3.h">
      <Filter>GameEngine\Math</Filter>
    </ClInclude>
    <ClInclude Include="GameEngine\Math\Matrix4x4.h">
      <Filter>GameEngine\Math</Filter>
    </ClInclude>
    <ClInclude Include="GameEngine\Math\Vector2.h">
      <Filter>GameEngine\Math</Filter>
    </ClInclude>
    <ClInclude Include="GameEngine\Math\Vector3.h">
      <Filter>GameEngine\Math</Filter>
    </ClInclude>
    <ClInclude Include="GameEngine\Math\Vector4.h">
      <Filter>GameEngine\Math</Filter>
    </ClInclude>
    <ClInclude Include="GameEngine\Debug\D3DResourceLeakChecker.h">
      <Filter>GameEngine\Debug\ResourceLeakChecker</Filter>
    </ClInclude>
    <ClInclude Include="GameEngine\Debug\Log.h">
      <Filter>GameEngine\Debug\Log</Filter>
    </ClInclude>
    <ClInclude Include="GameEngine\Debug\ExportDump.h">
      <Filter>GameEngine\Debug\Dump</Filter>
    </ClInclude>
    <ClInclude Include="GameEngine\Debug\DebugCamera.h">
      <Filter>GameEngine\Debug\DebugCamera</Filter>
    </ClInclude>
    <ClInclude Include="GameEngine\LoadFile\LoadMaterialTemplateFile.h">
      <Filter>GameEngine\LoadFile\Material</Filter>
    </ClInclude>
    <ClInclude Include="GameEngine\LoadFile\LoadObjFile.h">
      <Filter>GameEngine\LoadFile\Object</Filter>
    </ClInclude>
    <ClInclude Include="GameEngine\Modules\ConvertString\ConvertString.h">
      <Filter>GameEngine\Modules\ConvertString</Filter>
    </ClInclude>
    <ClInclude Include="GameEngine\Modules\DirectXCommon\DirectXCommon.h">
      <Filter>GameEngine\Modules\DirectXCommon</Filter>
    </ClInclude>
    <ClInclude Include="GameEngine\Modules\Initialvalue\Initialvalue.h">
      <Filter>GameEngine\Modules\Initialvalue</Filter>
    </ClInclude>
    <ClInclude Include="GameEngine\Modules\Input\Input.h">
      <Filter>GameEngine\Modules\Input</Filter>
    </ClInclude>
    <ClInclude Include="GameEngine\Modules\ModelManager\ModelManager.h">
      <Filter>GameEngine\Modules\ModelManager</Filter>
    </ClInclude>
    <ClInclude Include="GameEngine\Modules\ParticleManager\ParticleManager.h">
      <Filter>GameEngine\Modules\ParticleManager</Filter>
    </ClInclude>
    <ClInclude Include="GameEngine\Modules\SpriteManager\SpriteManager.h">
      <Filter>GameEngine\Modules\SpriteManager</Filter>
    </ClInclude>
    <ClInclude Include="GameEngine\Modules\SRVManager\SRVManager.h">
      <Filter>GameEngine\Modules\SRVManager</Filter>
    </ClInclude>
    <ClInclude Include="GameEngine\Modules\TextureManager\TextureManager.h">
      <Filter>GameEngine\Modules\TextureManager</Filter>
    </ClInclude>
    <ClInclude Include="GameEngine\Modules\WindowsAPI\WindowsAPI.h">
      <Filter>GameEngine\Modules\WindowsAPI</Filter>
    </ClInclude>
    <ClInclude Include="GameEngine\Resource\Model\Model.h">
      <Filter>GameEngine\Resource\Model</Filter>
    </ClInclude>
    <ClInclude Include="GameEngine\Resource\Object\Object.h">
      <Filter>GameEngine\Resource\Object</Filter>
    </ClInclude>
    <ClInclude Include="GameEngine\Resource\ParticleEmitter\ParticleEmitter.h">
      <Filter>GameEngine\Resource\ParticleEmitter</Filter>
    </ClInclude>
    <ClInclude Include="GameEngine\Resource\Sprite\Sprite.h">
      <Filter>GameEngine\Resource\Sprite</Filter>
    </ClInclude>
    <ClInclude Include="GameEngine\Data\CameraForGPU.h">
      <Filter>GameEngine\Data</Filter>
    </ClInclude>
    <ClInclude Include="GameEngine\Data\ChunkHeader.h">
      <Filter>GameEngine\Data</Filter>
    </ClInclude>
    <ClInclude Include="GameEngine\Data\DirectionalLightElement.h">
      <Filter>GameEngine\Data</Filter>
    </ClInclude>
    <ClInclude Include="GameEngine\Data\Emitter.h">
      <Filter>GameEngine\Data</Filter>
    </ClInclude>
    <ClInclude Include="GameEngine\Data\Field.h">
      <Filter>GameEngine\Data</Filter>
    </ClInclude>
    <ClInclude Include="GameEngine\Data\FormatChunk.h">
      <Filter>GameEngine\Data</Filter>
    </ClInclude>
    <ClInclude Include="GameEngine\Data\Material.h">
      <Filter>GameEngine\Data</Filter>
    </ClInclude>
    <ClInclude Include="GameEngine\Data\MaterialData.h">
      <Filter>GameEngine\Data</Filter>
    </ClInclude>
    <ClInclude Include="GameEngine\Data\ModelData.h">
      <Filter>GameEngine\Data</Filter>
    </ClInclude>
    <ClInclude Include="GameEngine\Data\Offset.h">
      <Filter>GameEngine\Data</Filter>
    </ClInclude>
    <ClInclude Include="GameEngine\Data\Particle.h">
      <Filter>GameEngine\Data</Filter>
    </ClInclude>
    <ClInclude Include="GameEngine\Data\BoneMatrix.h">
      <Filter>GameEngine\Data</Filter>
    </ClInclude>
    <ClInclude Include="GameEngine\Data\Parts.h">
      <Filter>GameEngine\Data</Filter>
    </ClInclude>
    <ClInclude Include="GameEngine\Data\PointLightElement.h">
      <Filter>GameEngine\Data</Filter>
    </ClInclude>
    <ClInclude Include="GameEngine\Data\RiffHeader.h">
      <Filter>GameEngine\Data</Filter>
    </ClInclude>
    <ClInclude Include="GameEngine\Data\SoundData.h">
      <Filter>GameEngine\Data</Filter>
    </ClInclude>
    <ClInclude Include="GameEngine\Data\SpotLightElement.h">
      <Filter>GameEngine\Data</Filter>
    </ClInclude>
    <ClInclude Include="GameEngine\Data\SRT.h">
      <Filter>GameEngine\Data</Filter>
    </ClInclude>
    <ClInclude Include="GameEngine\Data\TextureData.h">
      <Filter>GameEngine\Data</Filter>
    </ClInclude>
    <ClInclude Include="GameEngine\Data\ObjectVertexData.h">
      <Filter>GameEngine\Data</Filter>
    </ClInclude>
    <ClInclude Include="Application\Scene\TitleScene\TitleScene.h">
      <Filter>Application\Scene\TitleScene</Filter>
    </ClInclude>
    <ClInclude Include="Application\Scene\GameScene\GameScene.h">
      <Filter>Application\Scene\GameScene</Filter>
    </ClInclude>
    <ClInclude Include="Application\Collider\Collider.h">
      <Filter>Application\Collider</Filter>
    </ClInclude>
    <ClInclude Include="Application\Character\Item\Item.h">
      <Filter>Application\Character\Item</Filter>
    </ClInclude>
    <ClInclude Include="GameEngine\Modules\AudioManager\AudioManager.h">
      <Filter>GameEngine\Modules\AudioManager</Filter>
    </ClInclude>
    <ClInclude Include="GameEngine\LoadFile\LoadGLTFFile.h">
      <Filter>GameEngine\LoadFile\GLTF</Filter>
    </ClInclude>
    <ClInclude Include="GameEngine\Data\Node.h">
      <Filter>GameEngine\Data</Filter>
    </ClInclude>
    <ClInclude Include="GameEngine\Debug\ImGuiManager\ImGuiManager.h">
      <Filter>GameEngine\Debug\ImGuiManager</Filter>
    </ClInclude>
    <ClInclude Include="GameEngine\Editor\ParticleEditor\ParticleEditor.h">
      <Filter>GameEngine\Editor</Filter>
    </ClInclude>
    <ClInclude Include="GameEngine\Math\Operation\Operation.h">
      <Filter>GameEngine\Math\Operation</Filter>
    </ClInclude>
    <ClInclude Include="GameEngine\Modules\PrimitiveManager\PrimitiveManager.h">
      <Filter>GameEngine\Modules\PrimitiveManager</Filter>
    </ClInclude>
    <ClInclude Include="Application\BackGround\Fence\Fence.h">
      <Filter>Application\BackGround\Fence</Filter>
    </ClInclude>
    <ClInclude Include="Application\Bullet\BossBullet\BossBullet.h">
      <Filter>Application\Bullet\BossBullet</Filter>
    </ClInclude>
    <ClInclude Include="GameEngine\Modules\SceneManager\SceneManager.h">
      <Filter>GameEngine\Modules\SceneManager</Filter>
    </ClInclude>
    <ClInclude Include="GameEngine\Resource\Camera\Camera.h">
      <Filter>GameEngine\Resource\Camera</Filter>
    </ClInclude>
    <ClInclude Include="GameEngine\Resource\Audio\Audio.h">
      <Filter>GameEngine\Resource\Audio</Filter>
    </ClInclude>
    <ClInclude Include="GameEngine\Resource\DirectionalLight\DirectionalLight.h">
      <Filter>GameEngine\Resource\DirectiolalLight</Filter>
    </ClInclude>
    <ClInclude Include="GameEngine\Resource\PointLight\PointLight.h">
      <Filter>GameEngine\Resource\PointLight</Filter>
    </ClInclude>
    <ClInclude Include="GameEngine\Resource\SpotLight\SpotLight.h">
      <Filter>GameEngine\Resource\SpotLight</Filter>
    </ClInclude>
    <ClInclude Include="GameEngine\Resource\BaseScene\BaseScene.h">
      <Filter>GameEngine\Resource\BaseScene</Filter>
    </ClInclude>
    <ClInclude Include="GameEngine\Factory\AbstractSceneFactory\AbstractSceneFactory.h">
      <Filter>GameEngine\Factory\AbstractSceneFactory</Filter>
    </ClInclude>
    <ClInclude Include="Application\GameManager\SceneFactory\SceneFactory.h">
      <Filter>Application\GameManager\SceneFactory</Filter>
    </ClInclude>
    <ClInclude Include="Application\GameManager\GameManager.h">
      <Filter>Application\GameManager</Filter>
    </ClInclude>
    <ClInclude Include="GameEngine\Data\Fog.h">
      <Filter>GameEngine\Data</Filter>
    </ClInclude>
    <ClInclude Include="Application\BackGround\BackGround\BackGround.h">
      <Filter>Application\BackGround\BackGround</Filter>
    </ClInclude>
    <ClInclude Include="Application\BackGround\Tumbleweed\Tumbleweed.h">
      <Filter>Application\BackGround\Tumbleweed</Filter>
    </ClInclude>
    <ClInclude Include="Application\AudioHolder\AudioHolder.h">
      <Filter>Application\AudioHolder</Filter>
    </ClInclude>
    <ClInclude Include="Application\Scene\GameOverScene\GameOverScene.h">
      <Filter>Application\Scene\GameOverScene</Filter>
    </ClInclude>
    <ClInclude Include="Application\Scene\ClearScene\ClearScene.h">
      <Filter>Application\Scene\ClearScene</Filter>
    </ClInclude>
    <ClInclude Include="GameEngine\Data\AnimationData.h">
      <Filter>GameEngine\Data</Filter>
    </ClInclude>
    <ClInclude Include="GameEngine\Data\KeyFrame.h">
      <Filter>GameEngine\Data</Filter>
    </ClInclude>
    <ClInclude Include="GameEngine\Math\LerpKeyFrame\LerpKeyFrame.h">
      <Filter>GameEngine\Math\LerpKeyFrame</Filter>
    </ClInclude>
    <ClInclude Include="GameEngine\Data\Bone.h">
      <Filter>GameEngine\Data</Filter>
    </ClInclude>
    <ClInclude Include="GameEngine\Modules\Animation\Animation.h">
      <Filter>GameEngine\Modules\Animation</Filter>
    </ClInclude>
    <ClInclude Include="GameEngine\Math\UINT4.h">
      <Filter>GameEngine\Math</Filter>
    </ClInclude>
    <ClInclude Include="GameEngine\Data\VertexData.h">
      <Filter>GameEngine\Data</Filter>
    </ClInclude>
    <ClInclude Include="GameEngine\Data\TransformationMatrix.h">
      <Filter>GameEngine\Data</Filter>
    </ClInclude>
    <ClInclude Include="GameEngine\Data\InstancingTransformationMatrix.h">
      <Filter>GameEngine\Data</Filter>
    </ClInclude>
    <ClInclude Include="GameEngine\Data\QuaternionKeyFlame.h">
      <Filter>GameEngine\Data</Filter>
    </ClInclude>
    <ClInclude Include="GameEngine\Math\Quaternion.h">
      <Filter>GameEngine\Math</Filter>
    </ClInclude>
    <ClInclude Include="GameEngine\Math\QuaternionTransform.h">
      <Filter>GameEngine\Data</Filter>
    </ClInclude>
    <ClInclude Include="GameEngine\Data\AnimationInterpolation.h">
      <Filter>GameEngine\Data</Filter>
    </ClInclude>
  </ItemGroup>
  <ItemGroup>
    <None Include=".editorconfig" />
    <None Include="resources\Shader\Object3d.hlsli">
      <Filter>GameEngine\Shader</Filter>
    </None>
    <None Include="resources\Shader\Particle.hlsli">
      <Filter>GameEngine\Shader</Filter>
    </None>
    <None Include="resources\Shader\Sprite2d.hlsli">
      <Filter>GameEngine\Shader</Filter>
    </None>
    <None Include="resources\Shader\InstanceObject3d.hlsli">
      <Filter>GameEngine\Shader</Filter>
    </None>
    <None Include="resources\Shader\Material.hlsli">
      <Filter>GameEngine\Shader</Filter>
    </None>
  </ItemGroup>
  <ItemGroup>
    <Filter Include="Application">
      <UniqueIdentifier>{f6761bf2-51d3-48e8-8d6d-6dbde92f1220}</UniqueIdentifier>
    </Filter>
    <Filter Include="Application\BackGround">
      <UniqueIdentifier>{e309db45-ad38-4d1b-bebf-41b07c47dc28}</UniqueIdentifier>
    </Filter>
    <Filter Include="Application\BackGround\Ground">
      <UniqueIdentifier>{1328bcfd-c37d-4ba5-8490-0f0c0b0c374a}</UniqueIdentifier>
    </Filter>
    <Filter Include="Application\BackGround\Skydome">
      <UniqueIdentifier>{3513f97a-7647-4244-bbf8-c2189ae96e81}</UniqueIdentifier>
    </Filter>
    <Filter Include="Application\Bullet">
      <UniqueIdentifier>{9729b52e-e5bf-4191-828b-59e12b459e7e}</UniqueIdentifier>
    </Filter>
    <Filter Include="Application\Bullet\PlayerBullet">
      <UniqueIdentifier>{be182511-9de2-4847-84ef-cc20be4131ea}</UniqueIdentifier>
    </Filter>
    <Filter Include="Application\GameCamera">
      <UniqueIdentifier>{8af3a526-46a8-4b26-b723-299e8ef772f1}</UniqueIdentifier>
    </Filter>
    <Filter Include="Application\ModelHolder">
      <UniqueIdentifier>{6cec777a-bf3f-463a-88c8-5e026608b282}</UniqueIdentifier>
    </Filter>
    <Filter Include="Application\SampleScene">
      <UniqueIdentifier>{f139356a-d80c-4917-9061-55dca0c8fa46}</UniqueIdentifier>
    </Filter>
    <Filter Include="Application\Scene">
      <UniqueIdentifier>{dc7f5321-2cea-42ed-9bab-00cbb9c023ab}</UniqueIdentifier>
    </Filter>
    <Filter Include="GameEngine">
      <UniqueIdentifier>{0ad8d85e-7d01-49e2-be05-051ad0d1024c}</UniqueIdentifier>
    </Filter>
    <Filter Include="GameEngine\Shader">
      <UniqueIdentifier>{3d50d7e5-0926-46f5-a39d-2dfca429e71b}</UniqueIdentifier>
    </Filter>
    <Filter Include="GameEngine\Math">
      <UniqueIdentifier>{9a0e366c-fd67-43f8-8692-6e623393a1ac}</UniqueIdentifier>
    </Filter>
    <Filter Include="GameEngine\Math\Shape">
      <UniqueIdentifier>{d0659872-1156-48f1-9dbb-4b8ae6b35a01}</UniqueIdentifier>
    </Filter>
    <Filter Include="GameEngine\Math\Collision">
      <UniqueIdentifier>{5ac8890e-cd02-45f9-8bd4-dd8ca7e933c7}</UniqueIdentifier>
    </Filter>
    <Filter Include="GameEngine\Math\Lerp">
      <UniqueIdentifier>{a4d38b83-aa69-48b9-99a3-42011105b589}</UniqueIdentifier>
    </Filter>
    <Filter Include="GameEngine\Debug">
      <UniqueIdentifier>{f4fd4c27-a9ce-43eb-87c9-5c9802eb6f93}</UniqueIdentifier>
    </Filter>
    <Filter Include="GameEngine\Debug\ResourceLeakChecker">
      <UniqueIdentifier>{9c0664c9-2ff5-4ebb-a2d0-a9de39ea9fa0}</UniqueIdentifier>
    </Filter>
    <Filter Include="GameEngine\Debug\Log">
      <UniqueIdentifier>{d11f17b7-2389-4413-95ec-f496a19cdecf}</UniqueIdentifier>
    </Filter>
    <Filter Include="GameEngine\Debug\Dump">
      <UniqueIdentifier>{d2f446f4-3be2-4a96-b2e7-66837ee41c14}</UniqueIdentifier>
    </Filter>
    <Filter Include="GameEngine\Debug\DebugCamera">
      <UniqueIdentifier>{501a205f-ca82-4c2a-9f09-a43eb174dfc0}</UniqueIdentifier>
    </Filter>
    <Filter Include="GameEngine\LoadFile">
      <UniqueIdentifier>{93d6a10b-fd58-4fea-9cc9-e8072b1f5bf0}</UniqueIdentifier>
    </Filter>
    <Filter Include="GameEngine\LoadFile\Material">
      <UniqueIdentifier>{0774a335-aba4-4954-b1fe-8324255b97ef}</UniqueIdentifier>
    </Filter>
    <Filter Include="GameEngine\LoadFile\Object">
      <UniqueIdentifier>{3020ffe7-f55b-4152-ba34-90e517c0e324}</UniqueIdentifier>
    </Filter>
    <Filter Include="GameEngine\Modules">
      <UniqueIdentifier>{a4466334-46b3-44c7-bd4f-9ea9e5051388}</UniqueIdentifier>
    </Filter>
    <Filter Include="GameEngine\Modules\ConvertString">
      <UniqueIdentifier>{89a9a9e5-ede6-4f49-b255-f1c5b19499ce}</UniqueIdentifier>
    </Filter>
    <Filter Include="GameEngine\Modules\DirectXCommon">
      <UniqueIdentifier>{d71f8fb4-13ad-4d34-98c1-b19f9e83804e}</UniqueIdentifier>
    </Filter>
    <Filter Include="GameEngine\Modules\Initialvalue">
      <UniqueIdentifier>{9a1b62b1-4ae4-447f-a496-a387accdc031}</UniqueIdentifier>
    </Filter>
    <Filter Include="GameEngine\Modules\Input">
      <UniqueIdentifier>{63014ac7-e5f7-4aed-a16b-a631041951b2}</UniqueIdentifier>
    </Filter>
    <Filter Include="GameEngine\Modules\ModelManager">
      <UniqueIdentifier>{c67a47ff-d955-4664-92d0-d47005728200}</UniqueIdentifier>
    </Filter>
    <Filter Include="GameEngine\Modules\ParticleManager">
      <UniqueIdentifier>{765a5879-40ea-4d39-a7d4-284db0f4fc28}</UniqueIdentifier>
    </Filter>
    <Filter Include="GameEngine\Modules\SpriteManager">
      <UniqueIdentifier>{a08f6c8e-8933-45f1-bca9-57e7e093e05c}</UniqueIdentifier>
    </Filter>
    <Filter Include="GameEngine\Modules\SRVManager">
      <UniqueIdentifier>{107cab78-8e5a-4bfe-8e12-36f3afd0aafe}</UniqueIdentifier>
    </Filter>
    <Filter Include="GameEngine\Modules\TextureManager">
      <UniqueIdentifier>{8ea00aa6-4e6e-4f97-b932-981606271f83}</UniqueIdentifier>
    </Filter>
    <Filter Include="GameEngine\Modules\WindowsAPI">
      <UniqueIdentifier>{ba72da22-b21e-46d5-b6ad-4fc294776273}</UniqueIdentifier>
    </Filter>
    <Filter Include="GameEngine\Resource">
      <UniqueIdentifier>{d46727e3-4967-47ee-8f70-704c032d8b34}</UniqueIdentifier>
    </Filter>
    <Filter Include="GameEngine\Resource\Model">
      <UniqueIdentifier>{6e053622-6deb-4573-97db-fa7673683e17}</UniqueIdentifier>
    </Filter>
    <Filter Include="GameEngine\Resource\Object">
      <UniqueIdentifier>{12e6ea5d-acfc-4222-b44e-19481fa1d73b}</UniqueIdentifier>
    </Filter>
    <Filter Include="GameEngine\Resource\ParticleEmitter">
      <UniqueIdentifier>{48ac5507-5687-4d19-a8d9-4ec336e6f491}</UniqueIdentifier>
    </Filter>
    <Filter Include="GameEngine\Resource\Sprite">
      <UniqueIdentifier>{7151d3d0-f27c-496f-9bb7-61dedcf4eb53}</UniqueIdentifier>
    </Filter>
    <Filter Include="GameEngine\Resource\DirectiolalLight">
      <UniqueIdentifier>{f644596f-1e8e-44d7-b4d2-6b9d7db4580c}</UniqueIdentifier>
    </Filter>
    <Filter Include="GameEngine\Resource\SpotLight">
      <UniqueIdentifier>{0f4542c9-9313-4579-9311-745af85c5bb7}</UniqueIdentifier>
    </Filter>
    <Filter Include="GameEngine\Resource\Audio">
      <UniqueIdentifier>{e00d8116-3cb1-4592-9377-5a2369a54343}</UniqueIdentifier>
    </Filter>
    <Filter Include="GameEngine\Resource\Camera">
      <UniqueIdentifier>{7a594879-233b-45db-b425-defdca3ea481}</UniqueIdentifier>
    </Filter>
    <Filter Include="GameEngine\Resource\PointLight">
      <UniqueIdentifier>{745e2b4a-9550-4d20-b010-15d973bc4372}</UniqueIdentifier>
    </Filter>
    <Filter Include="Application\Scene\GameScene">
      <UniqueIdentifier>{92169cd4-666c-4e20-b384-9621b65379ca}</UniqueIdentifier>
    </Filter>
    <Filter Include="Application\Scene\TitleScene">
      <UniqueIdentifier>{b6e9533b-9849-442a-a0d2-3d3dd2edb521}</UniqueIdentifier>
    </Filter>
    <Filter Include="Application\Collider">
      <UniqueIdentifier>{f99949b4-9574-4f36-ab7a-53efbffa63e0}</UniqueIdentifier>
    </Filter>
    <Filter Include="Application\Character">
      <UniqueIdentifier>{f7e7b00b-95d3-419b-ae9f-9f2fcc68a66c}</UniqueIdentifier>
    </Filter>
    <Filter Include="Application\Character\Boss">
      <UniqueIdentifier>{2530ba28-a9db-4654-acff-c27e512d4cbe}</UniqueIdentifier>
    </Filter>
    <Filter Include="Application\Character\Player">
      <UniqueIdentifier>{d12b4d77-761f-4894-bbe9-30f98d7dbaf8}</UniqueIdentifier>
    </Filter>
    <Filter Include="Application\Character\Item">
      <UniqueIdentifier>{069b990c-aa2e-47d1-bc02-5aa29ac2ebc3}</UniqueIdentifier>
    </Filter>
    <Filter Include="GameEngine\Modules\AudioManager">
      <UniqueIdentifier>{e8df6498-259c-487e-a53f-0d6e757ff025}</UniqueIdentifier>
    </Filter>
    <Filter Include="GameEngine\Data">
      <UniqueIdentifier>{44f4709c-3d2f-40d7-8a46-f4bf210d55c9}</UniqueIdentifier>
    </Filter>
    <Filter Include="GameEngine\LoadFile\GLTF">
      <UniqueIdentifier>{247048d6-d430-4237-9e90-0b89364d0db5}</UniqueIdentifier>
    </Filter>
    <Filter Include="GameEngine\Debug\ImGuiManager">
      <UniqueIdentifier>{07d70550-e26b-4612-aef3-967a338f70c4}</UniqueIdentifier>
    </Filter>
    <Filter Include="GameEngine\Editor">
      <UniqueIdentifier>{c35b57a5-245b-4abc-bf2f-b0d4cd4e04ba}</UniqueIdentifier>
    </Filter>
    <Filter Include="GameEngine\Math\Operation">
      <UniqueIdentifier>{4b389da2-57a0-43b5-bc5d-3eebca42f631}</UniqueIdentifier>
    </Filter>
    <Filter Include="GameEngine\Modules\PrimitiveManager">
      <UniqueIdentifier>{f6336c19-5f0e-4227-84d0-ef1f2364fa48}</UniqueIdentifier>
    </Filter>
    <Filter Include="Application\Bullet\BossBullet">
      <UniqueIdentifier>{4aa5fe03-41ea-49c0-94d6-731469498c92}</UniqueIdentifier>
    </Filter>
    <Filter Include="Application\BackGround\Fence">
      <UniqueIdentifier>{6e980b69-b0ae-4218-a2d9-927e327b3fc5}</UniqueIdentifier>
    </Filter>
    <Filter Include="GameEngine\Modules\SceneManager">
      <UniqueIdentifier>{3727cc7c-0eb3-4bc1-9cd4-2b96d97824aa}</UniqueIdentifier>
    </Filter>
    <Filter Include="GameEngine\Resource\BaseScene">
      <UniqueIdentifier>{f243074b-d344-4b43-b554-4212cfcc7294}</UniqueIdentifier>
    </Filter>
    <Filter Include="GameEngine\Factory">
      <UniqueIdentifier>{f6a8960a-68c9-4af8-9582-b66f0d2c11da}</UniqueIdentifier>
    </Filter>
    <Filter Include="Application\GameManager">
      <UniqueIdentifier>{2cb838c1-ed28-4467-b96b-de7090f1874a}</UniqueIdentifier>
    </Filter>
    <Filter Include="Application\GameManager\SceneFactory">
      <UniqueIdentifier>{17bb9e5d-32e7-4f69-aba8-55848056d217}</UniqueIdentifier>
    </Filter>
    <Filter Include="GameEngine\Factory\AbstractSceneFactory">
      <UniqueIdentifier>{6694e463-239f-49ff-a797-bf37f828eaaf}</UniqueIdentifier>
    </Filter>
    <Filter Include="Application\BackGround\BackGround">
      <UniqueIdentifier>{8624c25a-ddc0-4d79-a292-407c297b5444}</UniqueIdentifier>
    </Filter>
    <Filter Include="Application\BackGround\Tumbleweed">
      <UniqueIdentifier>{91e1ebee-a127-41cc-85db-cc128ecbde71}</UniqueIdentifier>
    </Filter>
    <Filter Include="Application\AudioHolder">
      <UniqueIdentifier>{9109b9b0-8079-4a1c-93f9-cf2a372a3552}</UniqueIdentifier>
    </Filter>
    <Filter Include="Application\Scene\GameOverScene">
      <UniqueIdentifier>{647967ab-9b90-451b-8865-0c18f3c86b9d}</UniqueIdentifier>
    </Filter>
    <Filter Include="Application\Scene\ClearScene">
      <UniqueIdentifier>{dcb14910-851c-4676-a048-59fe4e93f94c}</UniqueIdentifier>
    </Filter>
    <Filter Include="GameEngine\Math\LerpKeyFrame">
      <UniqueIdentifier>{d0437533-3446-42b8-8627-69f276b7c584}</UniqueIdentifier>
    </Filter>
    <Filter Include="GameEngine\Modules\Animation">
      <UniqueIdentifier>{2c4cc0fb-6e3d-40e2-ab0e-b89fb46ab728}</UniqueIdentifier>
    </Filter>
  </ItemGroup>
</Project>